
Microsoft Visual Studio Solution File, Format Version 12.00
# Visual Studio Version 17
VisualStudioVersion = 17.2.32630.192
MinimumVisualStudioVersion = 10.0.40219.1
Project("{2150E333-8FDC-42A3-9474-1A3956D46DE8}") = "Domain", "Domain", "{6A66E2A0-9269-4982-91EB-D065CF5BD406}"
EndProject
Project("{2150E333-8FDC-42A3-9474-1A3956D46DE8}") = "Infra.Bus", "Infra.Bus", "{1BBD07A9-5B85-4463-9D3A-FD1B42F91362}"
EndProject
Project("{2150E333-8FDC-42A3-9474-1A3956D46DE8}") = "Infra.IoC", "Infra.IoC", "{4824648C-2494-4EDD-AB68-297CB0D0ECB2}"
EndProject
Project("{2150E333-8FDC-42A3-9474-1A3956D46DE8}") = "Microservices", "Microservices", "{CE8FD80F-266E-46BA-8CE9-A4D623EB2285}"
EndProject
Project("{2150E333-8FDC-42A3-9474-1A3956D46DE8}") = "Presentation", "Presentation", "{77608B7E-C8A0-419C-AF11-684CC2D31C8B}"
EndProject
Project("{FAE04EC0-301F-11D3-BF4B-00C04F79EFBC}") = "MicroRabbit.Domain.Core", "MicroRabbit.Domain.Core\MicroRabbit.Domain.Core.csproj", "{44F3A989-43FC-4BC6-B9C7-850726B16960}"
EndProject
Project("{FAE04EC0-301F-11D3-BF4B-00C04F79EFBC}") = "MicroRabbit.Infra.Bus", "MicroRabbit.Infra.Bus\MicroRabbit.Infra.Bus.csproj", "{2D4DD10E-4DA7-4D7C-832B-4D0964349AD5}"
EndProject
Project("{FAE04EC0-301F-11D3-BF4B-00C04F79EFBC}") = "MicroRabbit.Infra.IoC", "MicroRabbit.Infra.IoC\MicroRabbit.Infra.IoC.csproj", "{C2986AB5-633F-48A7-8A23-E8EA30602167}"
EndProject
Project("{2150E333-8FDC-42A3-9474-1A3956D46DE8}") = "Banking", "Banking", "{DDC3E95A-8EAB-4FAE-B458-D664B56A7E7E}"
EndProject
Project("{2150E333-8FDC-42A3-9474-1A3956D46DE8}") = "Api", "Api", "{3FD21C46-2604-4FE2-8A03-C6CF4FFD98CD}"
EndProject
Project("{2150E333-8FDC-42A3-9474-1A3956D46DE8}") = "Domain", "Domain", "{D1E858B1-9417-46AE-9586-281C9636F7A8}"
EndProject
Project("{2150E333-8FDC-42A3-9474-1A3956D46DE8}") = "Application", "Application", "{76C7C093-8F1A-4F30-B23E-E1474A8103B7}"
EndProject
Project("{2150E333-8FDC-42A3-9474-1A3956D46DE8}") = "Data", "Data", "{2770E22C-BA32-4DD2-A049-872E313ABFB8}"
EndProject
Project("{FAE04EC0-301F-11D3-BF4B-00C04F79EFBC}") = "MicroRabbit.Banking.Api", "MicroRabbit.Banking.Api\MicroRabbit.Banking.Api.csproj", "{089178FE-E31F-4170-BACD-1A47896D857C}"
EndProject
Project("{FAE04EC0-301F-11D3-BF4B-00C04F79EFBC}") = "MicroRabbit.Banking.Application", "MicroRabbit.Banking.Application\MicroRabbit.Banking.Application.csproj", "{0DAA9057-8AB2-4558-BE00-D3A0CCFBC191}"
EndProject
Project("{FAE04EC0-301F-11D3-BF4B-00C04F79EFBC}") = "MicroRabbit.Banking.Data", "MicroRabbit.Banking.Data\MicroRabbit.Banking.Data.csproj", "{8F5B592B-938A-4C33-B3DF-D7C3935DBD4D}"
EndProject
Project("{FAE04EC0-301F-11D3-BF4B-00C04F79EFBC}") = "MicroRabbit.Banking.Domain", "MicroRabbit.Banking.Domain\MicroRabbit.Banking.Domain.csproj", "{B6712EC9-F204-491C-8D5A-FB6DE4BC5A88}"
EndProject
Global
	GlobalSection(SolutionConfigurationPlatforms) = preSolution
		Debug|Any CPU = Debug|Any CPU
		Release|Any CPU = Release|Any CPU
	EndGlobalSection
	GlobalSection(ProjectConfigurationPlatforms) = postSolution
		{44F3A989-43FC-4BC6-B9C7-850726B16960}.Debug|Any CPU.ActiveCfg = Debug|Any CPU
		{44F3A989-43FC-4BC6-B9C7-850726B16960}.Debug|Any CPU.Build.0 = Debug|Any CPU
		{44F3A989-43FC-4BC6-B9C7-850726B16960}.Release|Any CPU.ActiveCfg = Release|Any CPU
		{44F3A989-43FC-4BC6-B9C7-850726B16960}.Release|Any CPU.Build.0 = Release|Any CPU
		{2D4DD10E-4DA7-4D7C-832B-4D0964349AD5}.Debug|Any CPU.ActiveCfg = Debug|Any CPU
		{2D4DD10E-4DA7-4D7C-832B-4D0964349AD5}.Debug|Any CPU.Build.0 = Debug|Any CPU
		{2D4DD10E-4DA7-4D7C-832B-4D0964349AD5}.Release|Any CPU.ActiveCfg = Release|Any CPU
		{2D4DD10E-4DA7-4D7C-832B-4D0964349AD5}.Release|Any CPU.Build.0 = Release|Any CPU
		{C2986AB5-633F-48A7-8A23-E8EA30602167}.Debug|Any CPU.ActiveCfg = Debug|Any CPU
		{C2986AB5-633F-48A7-8A23-E8EA30602167}.Debug|Any CPU.Build.0 = Debug|Any CPU
		{C2986AB5-633F-48A7-8A23-E8EA30602167}.Release|Any CPU.ActiveCfg = Release|Any CPU
		{C2986AB5-633F-48A7-8A23-E8EA30602167}.Release|Any CPU.Build.0 = Release|Any CPU
		{089178FE-E31F-4170-BACD-1A47896D857C}.Debug|Any CPU.ActiveCfg = Debug|Any CPU
		{089178FE-E31F-4170-BACD-1A47896D857C}.Debug|Any CPU.Build.0 = Debug|Any CPU
		{089178FE-E31F-4170-BACD-1A47896D857C}.Release|Any CPU.ActiveCfg = Release|Any CPU
		{089178FE-E31F-4170-BACD-1A47896D857C}.Release|Any CPU.Build.0 = Release|Any CPU
		{0DAA9057-8AB2-4558-BE00-D3A0CCFBC191}.Debug|Any CPU.ActiveCfg = Debug|Any CPU
		{0DAA9057-8AB2-4558-BE00-D3A0CCFBC191}.Debug|Any CPU.Build.0 = Debug|Any CPU
		{0DAA9057-8AB2-4558-BE00-D3A0CCFBC191}.Release|Any CPU.ActiveCfg = Release|Any CPU
		{0DAA9057-8AB2-4558-BE00-D3A0CCFBC191}.Release|Any CPU.Build.0 = Release|Any CPU
		{8F5B592B-938A-4C33-B3DF-D7C3935DBD4D}.Debug|Any CPU.ActiveCfg = Debug|Any CPU
		{8F5B592B-938A-4C33-B3DF-D7C3935DBD4D}.Debug|Any CPU.Build.0 = Debug|Any CPU
		{8F5B592B-938A-4C33-B3DF-D7C3935DBD4D}.Release|Any CPU.ActiveCfg = Release|Any CPU
		{8F5B592B-938A-4C33-B3DF-D7C3935DBD4D}.Release|Any CPU.Build.0 = Release|Any CPU
		{B6712EC9-F204-491C-8D5A-FB6DE4BC5A88}.Debug|Any CPU.ActiveCfg = Debug|Any CPU
		{B6712EC9-F204-491C-8D5A-FB6DE4BC5A88}.Debug|Any CPU.Build.0 = Debug|Any CPU
		{B6712EC9-F204-491C-8D5A-FB6DE4BC5A88}.Release|Any CPU.ActiveCfg = Release|Any CPU
		{B6712EC9-F204-491C-8D5A-FB6DE4BC5A88}.Release|Any CPU.Build.0 = Release|Any CPU
	EndGlobalSection
	GlobalSection(SolutionProperties) = preSolution
		HideSolutionNode = FALSE
	EndGlobalSection
	GlobalSection(NestedProjects) = preSolution
		{44F3A989-43FC-4BC6-B9C7-850726B16960} = {6A66E2A0-9269-4982-91EB-D065CF5BD406}
		{2D4DD10E-4DA7-4D7C-832B-4D0964349AD5} = {1BBD07A9-5B85-4463-9D3A-FD1B42F91362}
		{C2986AB5-633F-48A7-8A23-E8EA30602167} = {4824648C-2494-4EDD-AB68-297CB0D0ECB2}
		{DDC3E95A-8EAB-4FAE-B458-D664B56A7E7E} = {CE8FD80F-266E-46BA-8CE9-A4D623EB2285}
		{3FD21C46-2604-4FE2-8A03-C6CF4FFD98CD} = {DDC3E95A-8EAB-4FAE-B458-D664B56A7E7E}
		{D1E858B1-9417-46AE-9586-281C9636F7A8} = {DDC3E95A-8EAB-4FAE-B458-D664B56A7E7E}
		{76C7C093-8F1A-4F30-B23E-E1474A8103B7} = {DDC3E95A-8EAB-4FAE-B458-D664B56A7E7E}
		{2770E22C-BA32-4DD2-A049-872E313ABFB8} = {DDC3E95A-8EAB-4FAE-B458-D664B56A7E7E}
		{089178FE-E31F-4170-BACD-1A47896D857C} = {3FD21C46-2604-4FE2-8A03-C6CF4FFD98CD}
		{0DAA9057-8AB2-4558-BE00-D3A0CCFBC191} = {76C7C093-8F1A-4F30-B23E-E1474A8103B7}
		{8F5B592B-938A-4C33-B3DF-D7C3935DBD4D} = {2770E22C-BA32-4DD2-A049-872E313ABFB8}
		{B6712EC9-F204-491C-8D5A-FB6DE4BC5A88} = {D1E858B1-9417-46AE-9586-281C9636F7A8}
	EndGlobalSection
	GlobalSection(ExtensibilityGlobals) = postSolution
		SolutionGuid = {98C57F7D-273C-4648-AD3C-1CADB74F84FE}
	EndGlobalSection
EndGlobal
